// !$*UTF8*$!
{
	archiveVersion = 1;
	classes = {
	};
	objectVersion = 50;
	objects = {

/* Begin PBXBuildFile section */
		7152B698241E0C1A0011466B /* AppDelegate.swift in Sources */ = {isa = PBXBuildFile; fileRef = 7152B697241E0C1A0011466B /* AppDelegate.swift */; };
		7152B69A241E0C1A0011466B /* SceneDelegate.swift in Sources */ = {isa = PBXBuildFile; fileRef = 7152B699241E0C1A0011466B /* SceneDelegate.swift */; };
		7152B69C241E0C1A0011466B /* ViewController.swift in Sources */ = {isa = PBXBuildFile; fileRef = 7152B69B241E0C1A0011466B /* ViewController.swift */; };
		7152B69F241E0C1A0011466B /* Main.storyboard in Resources */ = {isa = PBXBuildFile; fileRef = 7152B69D241E0C1A0011466B /* Main.storyboard */; };
		7152B6A1241E0C1E0011466B /* Assets.xcassets in Resources */ = {isa = PBXBuildFile; fileRef = 7152B6A0241E0C1E0011466B /* Assets.xcassets */; };
		7152B6A4241E0C1E0011466B /* LaunchScreen.storyboard in Resources */ = {isa = PBXBuildFile; fileRef = 7152B6A2241E0C1E0011466B /* LaunchScreen.storyboard */; };
		7152B6AF241E0C1E0011466B /* XLPageTapStripDemoTests.swift in Sources */ = {isa = PBXBuildFile; fileRef = 7152B6AE241E0C1E0011466B /* XLPageTapStripDemoTests.swift */; };
		7152B6BA241E0C1E0011466B /* XLPageTapStripDemoUITests.swift in Sources */ = {isa = PBXBuildFile; fileRef = 7152B6B9241E0C1E0011466B /* XLPageTapStripDemoUITests.swift */; };
/* End PBXBuildFile section */

/* Begin PBXContainerItemProxy section */
		7152B6AB241E0C1E0011466B /* PBXContainerItemProxy */ = {
			isa = PBXContainerItemProxy;
			containerPortal = 7152B68C241E0C1A0011466B /* Project object */;
			proxyType = 1;
			remoteGlobalIDString = 7152B693241E0C1A0011466B;
			remoteInfo = XLPageTapStripDemo;
		};
		7152B6B6241E0C1E0011466B /* PBXContainerItemProxy */ = {
			isa = PBXContainerItemProxy;
			containerPortal = 7152B68C241E0C1A0011466B /* Project object */;
			proxyType = 1;
			remoteGlobalIDString = 7152B693241E0C1A0011466B;
			remoteInfo = XLPageTapStripDemo;
		};
/* End PBXContainerItemProxy section */

/* Begin PBXFileReference section */
		7152B694241E0C1A0011466B /* XLPageTapStripDemo.app */ = {isa = PBXFileReference; explicitFileType = wrapper.application; includeInIndex = 0; path = XLPageTapStripDemo.app; sourceTree = BUILT_PRODUCTS_DIR; };
		7152B697241E0C1A0011466B /* AppDelegate.swift */ = {isa = PBXFileReference; lastKnownFileType = sourcecode.swift; path = AppDelegate.swift; sourceTree = "<group>"; };
		7152B699241E0C1A0011466B /* SceneDelegate.swift */ = {isa = PBXFileReference; lastKnownFileType = sourcecode.swift; path = SceneDelegate.swift; sourceTree = "<group>"; };
		7152B69B241E0C1A0011466B /* ViewController.swift */ = {isa = PBXFileReference; lastKnownFileType = sourcecode.swift; path = ViewController.swift; sourceTree = "<group>"; };
		7152B69E241E0C1A0011466B /* Base */ = {isa = PBXFileReference; lastKnownFileType = file.storyboard; name = Base; path = Base.lproj/Main.storyboard; sourceTree = "<group>"; };
		7152B6A0241E0C1E0011466B /* Assets.xcassets */ = {isa = PBXFileReference; lastKnownFileType = folder.assetcatalog; path = Assets.xcassets; sourceTree = "<group>"; };
		7152B6A3241E0C1E0011466B /* Base */ = {isa = PBXFileReference; lastKnownFileType = file.storyboard; name = Base; path = Base.lproj/LaunchScreen.storyboard; sourceTree = "<group>"; };
		7152B6A5241E0C1E0011466B /* Info.plist */ = {isa = PBXFileReference; lastKnownFileType = text.plist.xml; path = Info.plist; sourceTree = "<group>"; };
		7152B6AA241E0C1E0011466B /* XLPageTapStripDemoTests.xctest */ = {isa = PBXFileReference; explicitFileType = wrapper.cfbundle; includeInIndex = 0; path = XLPageTapStripDemoTests.xctest; sourceTree = BUILT_PRODUCTS_DIR; };
		7152B6AE241E0C1E0011466B /* XLPageTapStripDemoTests.swift */ = {isa = PBXFileReference; lastKnownFileType = sourcecode.swift; path = XLPageTapStripDemoTests.swift; sourceTree = "<group>"; };
		7152B6B0241E0C1E0011466B /* Info.plist */ = {isa = PBXFileReference; lastKnownFileType = text.plist.xml; path = Info.plist; sourceTree = "<group>"; };
		7152B6B5241E0C1E0011466B /* XLPageTapStripDemoUITests.xctest */ = {isa = PBXFileReference; explicitFileType = wrapper.cfbundle; includeInIndex = 0; path = XLPageTapStripDemoUITests.xctest; sourceTree = BUILT_PRODUCTS_DIR; };
		7152B6B9241E0C1E0011466B /* XLPageTapStripDemoUITests.swift */ = {isa = PBXFileReference; lastKnownFileType = sourcecode.swift; path = XLPageTapStripDemoUITests.swift; sourceTree = "<group>"; };
		7152B6BB241E0C1E0011466B /* Info.plist */ = {isa = PBXFileReference; lastKnownFileType = text.plist.xml; path = Info.plist; sourceTree = "<group>"; };
/* End PBXFileReference section */

/* Begin PBXFrameworksBuildPhase section */
		7152B691241E0C1A0011466B /* Frameworks */ = {
			isa = PBXFrameworksBuildPhase;
			buildActionMask = 2147483647;
			files = (
			);
			runOnlyForDeploymentPostprocessing = 0;
		};
		7152B6A7241E0C1E0011466B /* Frameworks */ = {
			isa = PBXFrameworksBuildPhase;
			buildActionMask = 2147483647;
			files = (
			);
			runOnlyForDeploymentPostprocessing = 0;
		};
		7152B6B2241E0C1E0011466B /* Frameworks */ = {
			isa = PBXFrameworksBuildPhase;
			buildActionMask = 2147483647;
			files = (
			);
			runOnlyForDeploymentPostprocessing = 0;
		};
/* End PBXFrameworksBuildPhase section */

/* Begin PBXGroup section */
		7152B68B241E0C1A0011466B = {
			isa = PBXGroup;
			children = (
				7152B696241E0C1A0011466B /* XLPageTapStripDemo */,
				7152B6AD241E0C1E0011466B /* XLPageTapStripDemoTests */,
				7152B6B8241E0C1E0011466B /* XLPageTapStripDemoUITests */,
				7152B695241E0C1A0011466B /* Products */,
			);
			sourceTree = "<group>";
		};
		7152B695241E0C1A0011466B /* Products */ = {
			isa = PBXGroup;
			children = (
				7152B694241E0C1A0011466B /* XLPageTapStripDemo.app */,
				7152B6AA241E0C1E0011466B /* XLPageTapStripDemoTests.xctest */,
				7152B6B5241E0C1E0011466B /* XLPageTapStripDemoUITests.xctest */,
			);
			name = Products;
			sourceTree = "<group>";
		};
		7152B696241E0C1A0011466B /* XLPageTapStripDemo */ = {
			isa = PBXGroup;
			children = (
				7152B697241E0C1A0011466B /* AppDelegate.swift */,
				7152B699241E0C1A0011466B /* SceneDelegate.swift */,
				7152B69B241E0C1A0011466B /* ViewController.swift */,
				7152B69D241E0C1A0011466B /* Main.storyboard */,
				7152B6A0241E0C1E0011466B /* Assets.xcassets */,
				7152B6A2241E0C1E0011466B /* LaunchScreen.storyboard */,
				7152B6A5241E0C1E0011466B /* Info.plist */,
			);
			path = XLPageTapStripDemo;
			sourceTree = "<group>";
		};
		7152B6AD241E0C1E0011466B /* XLPageTapStripDemoTests */ = {
			isa = PBXGroup;
			children = (
				7152B6AE241E0C1E0011466B /* XLPageTapStripDemoTests.swift */,
				7152B6B0241E0C1E0011466B /* Info.plist */,
			);
			path = XLPageTapStripDemoTests;
			sourceTree = "<group>";
		};
		7152B6B8241E0C1E0011466B /* XLPageTapStripDemoUITests */ = {
			isa = PBXGroup;
			children = (
				7152B6B9241E0C1E0011466B /* XLPageTapStripDemoUITests.swift */,
				7152B6BB241E0C1E0011466B /* Info.plist */,
			);
			path = XLPageTapStripDemoUITests;
			sourceTree = "<group>";
		};
/* End PBXGroup section */

/* Begin PBXNativeTarget section */
		7152B693241E0C1A0011466B /* XLPageTapStripDemo */ = {
			isa = PBXNativeTarget;
			buildConfigurationList = 7152B6BE241E0C1E0011466B /* Build configuration list for PBXNativeTarget "XLPageTapStripDemo" */;
			buildPhases = (
				7152B690241E0C1A0011466B /* Sources */,
				7152B691241E0C1A0011466B /* Frameworks */,
				7152B692241E0C1A0011466B /* Resources */,
			);
			buildRules = (
			);
			dependencies = (
			);
			name = XLPageTapStripDemo;
			productName = XLPageTapStripDemo;
			productReference = 7152B694241E0C1A0011466B /* XLPageTapStripDemo.app */;
			productType = "com.apple.product-type.application";
		};
		7152B6A9241E0C1E0011466B /* XLPageTapStripDemoTests */ = {
			isa = PBXNativeTarget;
			buildConfigurationList = 7152B6C1241E0C1E0011466B /* Build configuration list for PBXNativeTarget "XLPageTapStripDemoTests" */;
			buildPhases = (
				7152B6A6241E0C1E0011466B /* Sources */,
				7152B6A7241E0C1E0011466B /* Frameworks */,
				7152B6A8241E0C1E0011466B /* Resources */,
			);
			buildRules = (
			);
			dependencies = (
				7152B6AC241E0C1E0011466B /* PBXTargetDependency */,
			);
			name = XLPageTapStripDemoTests;
			productName = XLPageTapStripDemoTests;
			productReference = 7152B6AA241E0C1E0011466B /* XLPageTapStripDemoTests.xctest */;
			productType = "com.apple.product-type.bundle.unit-test";
		};
		7152B6B4241E0C1E0011466B /* XLPageTapStripDemoUITests */ = {
			isa = PBXNativeTarget;
			buildConfigurationList = 7152B6C4241E0C1E0011466B /* Build configuration list for PBXNativeTarget "XLPageTapStripDemoUITests" */;
			buildPhases = (
				7152B6B1241E0C1E0011466B /* Sources */,
				7152B6B2241E0C1E0011466B /* Frameworks */,
				7152B6B3241E0C1E0011466B /* Resources */,
			);
			buildRules = (
			);
			dependencies = (
				7152B6B7241E0C1E0011466B /* PBXTargetDependency */,
			);
			name = XLPageTapStripDemoUITests;
			productName = XLPageTapStripDemoUITests;
			productReference = 7152B6B5241E0C1E0011466B /* XLPageTapStripDemoUITests.xctest */;
			productType = "com.apple.product-type.bundle.ui-testing";
		};
/* End PBXNativeTarget section */

/* Begin PBXProject section */
		7152B68C241E0C1A0011466B /* Project object */ = {
			isa = PBXProject;
			attributes = {
				LastSwiftUpdateCheck = 1130;
				LastUpgradeCheck = 1130;
				ORGANIZATIONNAME = "Kashee Kushwaha";
				TargetAttributes = {
					7152B693241E0C1A0011466B = {
						CreatedOnToolsVersion = 11.3.1;
					};
					7152B6A9241E0C1E0011466B = {
						CreatedOnToolsVersion = 11.3.1;
						TestTargetID = 7152B693241E0C1A0011466B;
					};
					7152B6B4241E0C1E0011466B = {
						CreatedOnToolsVersion = 11.3.1;
						TestTargetID = 7152B693241E0C1A0011466B;
					};
				};
			};
			buildConfigurationList = 7152B68F241E0C1A0011466B /* Build configuration list for PBXProject "XLPageTapStripDemo" */;
			compatibilityVersion = "Xcode 9.3";
			developmentRegion = en;
			hasScannedForEncodings = 0;
			knownRegions = (
				en,
				Base,
			);
			mainGroup = 7152B68B241E0C1A0011466B;
			productRefGroup = 7152B695241E0C1A0011466B /* Products */;
			projectDirPath = "";
			projectRoot = "";
			targets = (
				7152B693241E0C1A0011466B /* XLPageTapStripDemo */,
				7152B6A9241E0C1E0011466B /* XLPageTapStripDemoTests */,
				7152B6B4241E0C1E0011466B /* XLPageTapStripDemoUITests */,
			);
		};
/* End PBXProject section */

/* Begin PBXResourcesBuildPhase section */
		7152B692241E0C1A0011466B /* Resources */ = {
			isa = PBXResourcesBuildPhase;
			buildActionMask = 2147483647;
			files = (
				7152B6A4241E0C1E0011466B /* LaunchScreen.storyboard in Resources */,
				7152B6A1241E0C1E0011466B /* Assets.xcassets in Resources */,
				7152B69F241E0C1A0011466B /* Main.storyboard in Resources */,
			);
			runOnlyForDeploymentPostprocessing = 0;
		};
		7152B6A8241E0C1E0011466B /* Resources */ = {
			isa = PBXResourcesBuildPhase;
			buildActionMask = 2147483647;
			files = (
			);
			runOnlyForDeploymentPostprocessing = 0;
		};
		7152B6B3241E0C1E0011466B /* Resources */ = {
			isa = PBXResourcesBuildPhase;
			buildActionMask = 2147483647;
			files = (
			);
			runOnlyForDeploymentPostprocessing = 0;
		};
/* End PBXResourcesBuildPhase section */

/* Begin PBXSourcesBuildPhase section */
		7152B690241E0C1A0011466B /* Sources */ = {
			isa = PBXSourcesBuildPhase;
			buildActionMask = 2147483647;
			files = (
				7152B69C241E0C1A0011466B /* ViewController.swift in Sources */,
				7152B698241E0C1A0011466B /* AppDelegate.swift in Sources */,
				7152B69A241E0C1A0011466B /* SceneDelegate.swift in Sources */,
			);
			runOnlyForDeploymentPostprocessing = 0;
		};
		7152B6A6241E0C1E0011466B /* Sources */ = {
			isa = PBXSourcesBuildPhase;
			buildActionMask = 2147483647;
			files = (
				7152B6AF241E0C1E0011466B /* XLPageTapStripDemoTests.swift in Sources */,
			);
			runOnlyForDeploymentPostprocessing = 0;
		};
		7152B6B1241E0C1E0011466B /* Sources */ = {
			isa = PBXSourcesBuildPhase;
			buildActionMask = 2147483647;
			files = (
				7152B6BA241E0C1E0011466B /* XLPageTapStripDemoUITests.swift in Sources */,
			);
			runOnlyForDeploymentPostprocessing = 0;
		};
/* End PBXSourcesBuildPhase section */

/* Begin PBXTargetDependency section */
		7152B6AC241E0C1E0011466B /* PBXTargetDependency */ = {
			isa = PBXTargetDependency;
			target = 7152B693241E0C1A0011466B /* XLPageTapStripDemo */;
			targetProxy = 7152B6AB241E0C1E0011466B /* PBXContainerItemProxy */;
		};
		7152B6B7241E0C1E0011466B /* PBXTargetDependency */ = {
			isa = PBXTargetDependency;
			target = 7152B693241E0C1A0011466B /* XLPageTapStripDemo */;
			targetProxy = 7152B6B6241E0C1E0011466B /* PBXContainerItemProxy */;
		};
/* End PBXTargetDependency section */

/* Begin PBXVariantGroup section */
		7152B69D241E0C1A0011466B /* Main.storyboard */ = {
			isa = PBXVariantGroup;
			children = (
				7152B69E241E0C1A0011466B /* Base */,
			);
			name = Main.storyboard;
			sourceTree = "<group>";
		};
		7152B6A2241E0C1E0011466B /* LaunchScreen.storyboard */ = {
			isa = PBXVariantGroup;
			children = (
				7152B6A3241E0C1E0011466B /* Base */,
			);
			name = LaunchScreen.storyboard;
			sourceTree = "<group>";
		};
/* End PBXVariantGroup section */

/* Begin XCBuildConfiguration section */
		7152B6BC241E0C1E0011466B /* Debug */ = {
			isa = XCBuildConfiguration;
			buildSettings = {
				ALWAYS_SEARCH_USER_PATHS = NO;
				CLANG_ANALYZER_NONNULL = YES;
				CLANG_ANALYZER_NUMBER_OBJECT_CONVERSION = YES_AGGRESSIVE;
				CLANG_CXX_LANGUAGE_STANDARD = "gnu++14";
				CLANG_CXX_LIBRARY = "libc++";
				CLANG_ENABLE_MODULES = YES;
				CLANG_ENABLE_OBJC_ARC = YES;
				CLANG_ENABLE_OBJC_WEAK = YES;
				CLANG_WARN_BLOCK_CAPTURE_AUTORELEASING = YES;
				CLANG_WARN_BOOL_CONVERSION = YES;
				CLANG_WARN_COMMA = YES;
				CLANG_WARN_CONSTANT_CONVERSION = YES;
				CLANG_WARN_DEPRECATED_OBJC_IMPLEMENTATIONS = YES;
				CLANG_WARN_DIRECT_OBJC_ISA_USAGE = YES_ERROR;
				CLANG_WARN_DOCUMENTATION_COMMENTS = YES;
				CLANG_WARN_EMPTY_BODY = YES;
				CLANG_WARN_ENUM_CONVERSION = YES;
				CLANG_WARN_INFINITE_RECURSION = YES;
				CLANG_WARN_INT_CONVERSION = YES;
				CLANG_WARN_NON_LITERAL_NULL_CONVERSION = YES;
				CLANG_WARN_OBJC_IMPLICIT_RETAIN_SELF = YES;
				CLANG_WARN_OBJC_LITERAL_CONVERSION = YES;
				CLANG_WARN_OBJC_ROOT_CLASS = YES_ERROR;
				CLANG_WARN_RANGE_LOOP_ANALYSIS = YES;
				CLANG_WARN_STRICT_PROTOTYPES = YES;
				CLANG_WARN_SUSPICIOUS_MOVE = YES;
				CLANG_WARN_UNGUARDED_AVAILABILITY = YES_AGGRESSIVE;
				CLANG_WARN_UNREACHABLE_CODE = YES;
				CLANG_WARN__DUPLICATE_METHOD_MATCH = YES;
				COPY_PHASE_STRIP = NO;
				DEBUG_INFORMATION_FORMAT = dwarf;
				ENABLE_STRICT_OBJC_MSGSEND = YES;
				ENABLE_TESTABILITY = YES;
				GCC_C_LANGUAGE_STANDARD = gnu11;
				GCC_DYNAMIC_NO_PIC = NO;
				GCC_NO_COMMON_BLOCKS = YES;
				GCC_OPTIMIZATION_LEVEL = 0;
				GCC_PREPROCESSOR_DEFINITIONS = (
					"DEBUG=1",
					"$(inherited)",
				);
				GCC_WARN_64_TO_32_BIT_CONVERSION = YES;
				GCC_WARN_ABOUT_RETURN_TYPE = YES_ERROR;
				GCC_WARN_UNDECLARED_SELECTOR = YES;
				GCC_WARN_UNINITIALIZED_AUTOS = YES_AGGRESSIVE;
				GCC_WARN_UNUSED_FUNCTION = YES;
				GCC_WARN_UNUSED_VARIABLE = YES;
				IPHONEOS_DEPLOYMENT_TARGET = 13.2;
				MTL_ENABLE_DEBUG_INFO = INCLUDE_SOURCE;
				MTL_FAST_MATH = YES;
				ONLY_ACTIVE_ARCH = YES;
				SDKROOT = iphoneos;
				SWIFT_ACTIVE_COMPILATION_CONDITIONS = DEBUG;
				SWIFT_OPTIMIZATION_LEVEL = "-Onone";
			};
			name = Debug;
		};
		7152B6BD241E0C1E0011466B /* Release */ = {
			isa = XCBuildConfiguration;
			buildSettings = {
				ALWAYS_SEARCH_USER_PATHS = NO;
				CLANG_ANALYZER_NONNULL = YES;
				CLANG_ANALYZER_NUMBER_OBJECT_CONVERSION = YES_AGGRESSIVE;
				CLANG_CXX_LANGUAGE_STANDARD = "gnu++14";
				CLANG_CXX_LIBRARY = "libc++";
				CLANG_ENABLE_MODULES = YES;
				CLANG_ENABLE_OBJC_ARC = YES;
				CLANG_ENABLE_OBJC_WEAK = YES;
				CLANG_WARN_BLOCK_CAPTURE_AUTORELEASING = YES;
				CLANG_WARN_BOOL_CONVERSION = YES;
				CLANG_WARN_COMMA = YES;
				CLANG_WARN_CONSTANT_CONVERSION = YES;
				CLANG_WARN_DEPRECATED_OBJC_IMPLEMENTATIONS = YES;
				CLANG_WARN_DIRECT_OBJC_ISA_USAGE = YES_ERROR;
				CLANG_WARN_DOCUMENTATION_COMMENTS = YES;
				CLANG_WARN_EMPTY_BODY = YES;
				CLANG_WARN_ENUM_CONVERSION = YES;
				CLANG_WARN_INFINITE_RECURSION = YES;
				CLANG_WARN_INT_CONVERSION = YES;
				CLANG_WARN_NON_LITERAL_NULL_CONVERSION = YES;
				CLANG_WARN_OBJC_IMPLICIT_RETAIN_SELF = YES;
				CLANG_WARN_OBJC_LITERAL_CONVERSION = YES;
				CLANG_WARN_OBJC_ROOT_CLASS = YES_ERROR;
				CLANG_WARN_RANGE_LOOP_ANALYSIS = YES;
				CLANG_WARN_STRICT_PROTOTYPES = YES;
				CLANG_WARN_SUSPICIOUS_MOVE = YES;
				CLANG_WARN_UNGUARDED_AVAILABILITY = YES_AGGRESSIVE;
				CLANG_WARN_UNREACHABLE_CODE = YES;
				CLANG_WARN__DUPLICATE_METHOD_MATCH = YES;
				COPY_PHASE_STRIP = NO;
				DEBUG_INFORMATION_FORMAT = "dwarf-with-dsym";
				ENABLE_NS_ASSERTIONS = NO;
				ENABLE_STRICT_OBJC_MSGSEND = YES;
				GCC_C_LANGUAGE_STANDARD = gnu11;
				GCC_NO_COMMON_BLOCKS = YES;
				GCC_WARN_64_TO_32_BIT_CONVERSION = YES;
				GCC_WARN_ABOUT_RETURN_TYPE = YES_ERROR;
				GCC_WARN_UNDECLARED_SELECTOR = YES;
				GCC_WARN_UNINITIALIZED_AUTOS = YES_AGGRESSIVE;
				GCC_WARN_UNUSED_FUNCTION = YES;
				GCC_WARN_UNUSED_VARIABLE = YES;
				IPHONEOS_DEPLOYMENT_TARGET = 13.2;
				MTL_ENABLE_DEBUG_INFO = NO;
				MTL_FAST_MATH = YES;
				SDKROOT = iphoneos;
				SWIFT_COMPILATION_MODE = wholemodule;
				SWIFT_OPTIMIZATION_LEVEL = "-O";
				VALIDATE_PRODUCT = YES;
			};
			name = Release;
		};
		7152B6BF241E0C1E0011466B /* Debug */ = {
			isa = XCBuildConfiguration;
			buildSettings = {
				ASSETCATALOG_COMPILER_APPICON_NAME = AppIcon;
				CODE_SIGN_STYLE = Automatic;
				INFOPLIST_FILE = XLPageTapStripDemo/Info.plist;
				LD_RUNPATH_SEARCH_PATHS = (
					"$(inherited)",
					"@executable_path/Frameworks",
				);
				PRODUCT_BUNDLE_IDENTIFIER = SelfOrg.XLPageTapStripDemo;
				PRODUCT_NAME = "$(TARGET_NAME)";
				SWIFT_VERSION = 5.0;
				TARGETED_DEVICE_FAMILY = "1,2";
			};
			name = Debug;
		};
		7152B6C0241E0C1E0011466B /* Release */ = {
			isa = XCBuildConfiguration;
			buildSettings = {
				ASSETCATALOG_COMPILER_APPICON_NAME = AppIcon;
				CODE_SIGN_STYLE = Automatic;
				INFOPLIST_FILE = XLPageTapStripDemo/Info.plist;
				LD_RUNPATH_SEARCH_PATHS = (
					"$(inherited)",
					"@executable_path/Frameworks",
				);
				PRODUCT_BUNDLE_IDENTIFIER = SelfOrg.XLPageTapStripDemo;
				PRODUCT_NAME = "$(TARGET_NAME)";
				SWIFT_VERSION = 5.0;
				TARGETED_DEVICE_FAMILY = "1,2";
			};
			name = Release;
		};
		7152B6C2241E0C1E0011466B /* Debug */ = {
			isa = XCBuildConfiguration;
			buildSettings = {
				ALWAYS_EMBED_SWIFT_STANDARD_LIBRARIES = YES;
				BUNDLE_LOADER = "$(TEST_HOST)";
				CODE_SIGN_STYLE = Automatic;
				INFOPLIST_FILE = XLPageTapStripDemoTests/Info.plist;
				IPHONEOS_DEPLOYMENT_TARGET = 13.2;
				LD_RUNPATH_SEARCH_PATHS = (
					"$(inherited)",
					"@executable_path/Frameworks",
					"@loader_path/Frameworks",
				);
				PRODUCT_BUNDLE_IDENTIFIER = SelfOrg.XLPageTapStripDemoTests;
				PRODUCT_NAME = "$(TARGET_NAME)";
				SWIFT_VERSION = 5.0;
				TARGETED_DEVICE_FAMILY = "1,2";
				TEST_HOST = "$(BUILT_PRODUCTS_DIR)/XLPageTapStripDemo.app/XLPageTapStripDemo";
			};
			name = Debug;
		};
		7152B6C3241E0C1E0011466B /* Release */ = {
			isa = XCBuildConfiguration;
			buildSettings = {
				ALWAYS_EMBED_SWIFT_STANDARD_LIBRARIES = YES;
				BUNDLE_LOADER = "$(TEST_HOST)";
				CODE_SIGN_STYLE = Automatic;
				INFOPLIST_FILE = XLPageTapStripDemoTests/Info.plist;
				IPHONEOS_DEPLOYMENT_TARGET = 13.2;
				LD_RUNPATH_SEARCH_PATHS = (
					"$(inherited)",
					"@executable_path/Frameworks",
					"@loader_path/Frameworks",
				);
				PRODUCT_BUNDLE_IDENTIFIER = SelfOrg.XLPageTapStripDemoTests;
				PRODUCT_NAME = "$(TARGET_NAME)";
				SWIFT_VERSION = 5.0;
				TARGETED_DEVICE_FAMILY = "1,2";
				TEST_HOST = "$(BUILT_PRODUCTS_DIR)/XLPageTapStripDemo.app/XLPageTapStripDemo";
			};
			name = Release;
		};
		7152B6C5241E0C1E0011466B /* Debug */ = {
			isa = XCBuildConfiguration;
			buildSettings = {
				ALWAYS_EMBED_SWIFT_STANDARD_LIBRARIES = YES;
				CODE_SIGN_STYLE = Automatic;
				INFOPLIST_FILE = XLPageTapStripDemoUITests/Info.plist;
				LD_RUNPATH_SEARCH_PATHS = (
					"$(inherited)",
					"@executable_path/Frameworks",
					"@loader_path/Frameworks",
				);
				PRODUCT_BUNDLE_IDENTIFIER = SelfOrg.XLPageTapStripDemoUITests;
				PRODUCT_NAME = "$(TARGET_NAME)";
				SWIFT_VERSION = 5.0;
				TARGETED_DEVICE_FAMILY = "1,2";
				TEST_TARGET_NAME = XLPageTapStripDemo;
			};
			name = Debug;
		};
		7152B6C6241E0C1E0011466B /* Release */ = {
			isa = XCBuildConfiguration;
			buildSettings = {
				ALWAYS_EMBED_SWIFT_STANDARD_LIBRARIES = YES;
				CODE_SIGN_STYLE = Automatic;
				INFOPLIST_FILE = XLPageTapStripDemoUITests/Info.plist;
				LD_RUNPATH_SEARCH_PATHS = (
					"$(inherited)",
					"@executable_path/Frameworks",
					"@loader_path/Frameworks",
				);
				PRODUCT_BUNDLE_IDENTIFIER = SelfOrg.XLPageTapStripDemoUITests;
				PRODUCT_NAME = "$(TARGET_NAME)";
				SWIFT_VERSION = 5.0;
				TARGETED_DEVICE_FAMILY = "1,2";
				TEST_TARGET_NAME = XLPageTapStripDemo;
			};
			name = Release;
		};
/* End XCBuildConfiguration section */

/* Begin XCConfigurationList section */
		7152B68F241E0C1A0011466B /* Build configuration list for PBXProject "XLPageTapStripDemo" */ = {
			isa = XCConfigurationList;
			buildConfigurations = (
				7152B6BC241E0C1E0011466B /* Debug */,
				7152B6BD241E0C1E0011466B /* Release */,
			);
			defaultConfigurationIsVisible = 0;
			defaultConfigurationName = Release;
		};
		7152B6BE241E0C1E0011466B /* Build configuration list for PBXNativeTarget "XLPageTapStripDemo" */ = {
			isa = XCConfigurationList;
			buildConfigurations = (
				7152B6BF241E0C1E0011466B /* Debug */,
				7152B6C0241E0C1E0011466B /* Release */,
			);
			defaultConfigurationIsVisible = 0;
			defaultConfigurationName = Release;
		};
		7152B6C1241E0C1E0011466B /* Build configuration list for PBXNativeTarget "XLPageTapStripDemoTests" */ = {
			isa = XCConfigurationList;
			buildConfigurations = (
				7152B6C2241E0C1E0011466B /* Debug */,
				7152B6C3241E0C1E0011466B /* Release */,
			);
			defaultConfigurationIsVisible = 0;
			defaultConfigurationName = Release;
		};
		7152B6C4241E0C1E0011466B /* Build configuration list for PBXNativeTarget "XLPageTapStripDemoUITests" */ = {
			isa = XCConfigurationList;
			buildConfigurations = (
				7152B6C5241E0C1E0011466B /* Debug */,
				7152B6C6241E0C1E0011466B /* Release */,
			);
			defaultConfigurationIsVisible = 0;
			defaultConfigurationName = Release;
		};
/* End XCConfigurationList section */
	};
	rootObject = 7152B68C241E0C1A0011466B /* Project object */;
}
